// !$*UTF8*$!
{
	archiveVersion = 1;
	classes = {
	};
	objectVersion = 56;
	objects = {

/* Begin PBXBuildFile section */
		43B0722C2B0ACFBA0022B676 /* animereviewsApp.swift in Sources */ = {isa = PBXBuildFile; fileRef = 43B0722B2B0ACFBA0022B676 /* animereviewsApp.swift */; };
		43B0722E2B0ACFBA0022B676 /* ContentView.swift in Sources */ = {isa = PBXBuildFile; fileRef = 43B0722D2B0ACFBA0022B676 /* ContentView.swift */; };
		43B072302B0ACFBA0022B676 /* Item.swift in Sources */ = {isa = PBXBuildFile; fileRef = 43B0722F2B0ACFBA0022B676 /* Item.swift */; };
		43B072322B0ACFBB0022B676 /* Assets.xcassets in Resources */ = {isa = PBXBuildFile; fileRef = 43B072312B0ACFBB0022B676 /* Assets.xcassets */; };
		43B072352B0ACFBB0022B676 /* Preview Assets.xcassets in Resources */ = {isa = PBXBuildFile; fileRef = 43B072342B0ACFBB0022B676 /* Preview Assets.xcassets */; };
		43B072412B0ACFBB0022B676 /* animereviewsTests.swift in Sources */ = {isa = PBXBuildFile; fileRef = 43B072402B0ACFBB0022B676 /* animereviewsTests.swift */; };
		43B0724B2B0ACFBB0022B676 /* animereviewsUITests.swift in Sources */ = {isa = PBXBuildFile; fileRef = 43B0724A2B0ACFBB0022B676 /* animereviewsUITests.swift */; };
		43B0724D2B0ACFBB0022B676 /* animereviewsUITestsLaunchTests.swift in Sources */ = {isa = PBXBuildFile; fileRef = 43B0724C2B0ACFBB0022B676 /* animereviewsUITestsLaunchTests.swift */; };
/* End PBXBuildFile section */

/* Begin PBXContainerItemProxy section */
		43B0723D2B0ACFBB0022B676 /* PBXContainerItemProxy */ = {
			isa = PBXContainerItemProxy;
			containerPortal = 43B072202B0ACFBA0022B676 /* Project object */;
			proxyType = 1;
			remoteGlobalIDString = 43B072272B0ACFBA0022B676;
			remoteInfo = animereviews;
		};
		43B072472B0ACFBB0022B676 /* PBXContainerItemProxy */ = {
			isa = PBXContainerItemProxy;
			containerPortal = 43B072202B0ACFBA0022B676 /* Project object */;
			proxyType = 1;
			remoteGlobalIDString = 43B072272B0ACFBA0022B676;
			remoteInfo = animereviews;
		};
/* End PBXContainerItemProxy section */

/* Begin PBXFileReference section */
		43B072282B0ACFBA0022B676 /* animereviews.app */ = {isa = PBXFileReference; explicitFileType = wrapper.application; includeInIndex = 0; path = animereviews.app; sourceTree = BUILT_PRODUCTS_DIR; };
		43B0722B2B0ACFBA0022B676 /* animereviewsApp.swift */ = {isa = PBXFileReference; lastKnownFileType = sourcecode.swift; path = animereviewsApp.swift; sourceTree = "<group>"; };
		43B0722D2B0ACFBA0022B676 /* ContentView.swift */ = {isa = PBXFileReference; lastKnownFileType = sourcecode.swift; path = ContentView.swift; sourceTree = "<group>"; };
		43B0722F2B0ACFBA0022B676 /* Item.swift */ = {isa = PBXFileReference; lastKnownFileType = sourcecode.swift; path = Item.swift; sourceTree = "<group>"; };
		43B072312B0ACFBB0022B676 /* Assets.xcassets */ = {isa = PBXFileReference; lastKnownFileType = folder.assetcatalog; path = Assets.xcassets; sourceTree = "<group>"; };
		43B072342B0ACFBB0022B676 /* Preview Assets.xcassets */ = {isa = PBXFileReference; lastKnownFileType = folder.assetcatalog; path = "Preview Assets.xcassets"; sourceTree = "<group>"; };
		43B072362B0ACFBB0022B676 /* animereviews.entitlements */ = {isa = PBXFileReference; lastKnownFileType = text.plist.entitlements; path = animereviews.entitlements; sourceTree = "<group>"; };
		43B072372B0ACFBB0022B676 /* Info.plist */ = {isa = PBXFileReference; lastKnownFileType = text.plist.xml; path = Info.plist; sourceTree = "<group>"; };
		43B0723C2B0ACFBB0022B676 /* animereviewsTests.xctest */ = {isa = PBXFileReference; explicitFileType = wrapper.cfbundle; includeInIndex = 0; path = animereviewsTests.xctest; sourceTree = BUILT_PRODUCTS_DIR; };
		43B072402B0ACFBB0022B676 /* animereviewsTests.swift */ = {isa = PBXFileReference; lastKnownFileType = sourcecode.swift; path = animereviewsTests.swift; sourceTree = "<group>"; };
		43B072462B0ACFBB0022B676 /* animereviewsUITests.xctest */ = {isa = PBXFileReference; explicitFileType = wrapper.cfbundle; includeInIndex = 0; path = animereviewsUITests.xctest; sourceTree = BUILT_PRODUCTS_DIR; };
		43B0724A2B0ACFBB0022B676 /* animereviewsUITests.swift */ = {isa = PBXFileReference; lastKnownFileType = sourcecode.swift; path = animereviewsUITests.swift; sourceTree = "<group>"; };
		43B0724C2B0ACFBB0022B676 /* animereviewsUITestsLaunchTests.swift */ = {isa = PBXFileReference; lastKnownFileType = sourcecode.swift; path = animereviewsUITestsLaunchTests.swift; sourceTree = "<group>"; };
/* End PBXFileReference section */

/* Begin PBXFrameworksBuildPhase section */
		43B072252B0ACFBA0022B676 /* Frameworks */ = {
			isa = PBXFrameworksBuildPhase;
			buildActionMask = 2147483647;
			files = (
			);
			runOnlyForDeploymentPostprocessing = 0;
		};
		43B072392B0ACFBB0022B676 /* Frameworks */ = {
			isa = PBXFrameworksBuildPhase;
			buildActionMask = 2147483647;
			files = (
			);
			runOnlyForDeploymentPostprocessing = 0;
		};
		43B072432B0ACFBB0022B676 /* Frameworks */ = {
			isa = PBXFrameworksBuildPhase;
			buildActionMask = 2147483647;
			files = (
			);
			runOnlyForDeploymentPostprocessing = 0;
		};
/* End PBXFrameworksBuildPhase section */

/* Begin PBXGroup section */
		43B0721F2B0ACFBA0022B676 = {
			isa = PBXGroup;
			children = (
				43B0722A2B0ACFBA0022B676 /* animereviews */,
				43B0723F2B0ACFBB0022B676 /* animereviewsTests */,
				43B072492B0ACFBB0022B676 /* animereviewsUITests */,
				43B072292B0ACFBA0022B676 /* Products */,
			);
			sourceTree = "<group>";
		};
		43B072292B0ACFBA0022B676 /* Products */ = {
			isa = PBXGroup;
			children = (
				43B072282B0ACFBA0022B676 /* animereviews.app */,
				43B0723C2B0ACFBB0022B676 /* animereviewsTests.xctest */,
				43B072462B0ACFBB0022B676 /* animereviewsUITests.xctest */,
			);
			name = Products;
			sourceTree = "<group>";
		};
		43B0722A2B0ACFBA0022B676 /* animereviews */ = {
			isa = PBXGroup;
			children = (
				43B0722B2B0ACFBA0022B676 /* animereviewsApp.swift */,
				43B0722D2B0ACFBA0022B676 /* ContentView.swift */,
				43B0722F2B0ACFBA0022B676 /* Item.swift */,
				43B072312B0ACFBB0022B676 /* Assets.xcassets */,
				43B072362B0ACFBB0022B676 /* animereviews.entitlements */,
				43B072372B0ACFBB0022B676 /* Info.plist */,
				43B072332B0ACFBB0022B676 /* Preview Content */,
			);
			path = animereviews;
			sourceTree = "<group>";
		};
		43B072332B0ACFBB0022B676 /* Preview Content */ = {
			isa = PBXGroup;
			children = (
				43B072342B0ACFBB0022B676 /* Preview Assets.xcassets */,
			);
			path = "Preview Content";
			sourceTree = "<group>";
		};
		43B0723F2B0ACFBB0022B676 /* animereviewsTests */ = {
			isa = PBXGroup;
			children = (
				43B072402B0ACFBB0022B676 /* animereviewsTests.swift */,
			);
			path = animereviewsTests;
			sourceTree = "<group>";
		};
		43B072492B0ACFBB0022B676 /* animereviewsUITests */ = {
			isa = PBXGroup;
			children = (
				43B0724A2B0ACFBB0022B676 /* animereviewsUITests.swift */,
				43B0724C2B0ACFBB0022B676 /* animereviewsUITestsLaunchTests.swift */,
			);
			path = animereviewsUITests;
			sourceTree = "<group>";
		};
/* End PBXGroup section */

/* Begin PBXNativeTarget section */
		43B072272B0ACFBA0022B676 /* animereviews */ = {
			isa = PBXNativeTarget;
			buildConfigurationList = 43B072502B0ACFBB0022B676 /* Build configuration list for PBXNativeTarget "animereviews" */;
			buildPhases = (
				43B072242B0ACFBA0022B676 /* Sources */,
				43B072252B0ACFBA0022B676 /* Frameworks */,
				43B072262B0ACFBA0022B676 /* Resources */,
			);
			buildRules = (
			);
			dependencies = (
			);
			name = animereviews;
			productName = animereviews;
			productReference = 43B072282B0ACFBA0022B676 /* animereviews.app */;
			productType = "com.apple.product-type.application";
		};
		43B0723B2B0ACFBB0022B676 /* animereviewsTests */ = {
			isa = PBXNativeTarget;
			buildConfigurationList = 43B072532B0ACFBB0022B676 /* Build configuration list for PBXNativeTarget "animereviewsTests" */;
			buildPhases = (
				43B072382B0ACFBB0022B676 /* Sources */,
				43B072392B0ACFBB0022B676 /* Frameworks */,
				43B0723A2B0ACFBB0022B676 /* Resources */,
			);
			buildRules = (
			);
			dependencies = (
				43B0723E2B0ACFBB0022B676 /* PBXTargetDependency */,
			);
			name = animereviewsTests;
			productName = animereviewsTests;
			productReference = 43B0723C2B0ACFBB0022B676 /* animereviewsTests.xctest */;
			productType = "com.apple.product-type.bundle.unit-test";
		};
		43B072452B0ACFBB0022B676 /* animereviewsUITests */ = {
			isa = PBXNativeTarget;
			buildConfigurationList = 43B072562B0ACFBB0022B676 /* Build configuration list for PBXNativeTarget "animereviewsUITests" */;
			buildPhases = (
				43B072422B0ACFBB0022B676 /* Sources */,
				43B072432B0ACFBB0022B676 /* Frameworks */,
				43B072442B0ACFBB0022B676 /* Resources */,
			);
			buildRules = (
			);
			dependencies = (
				43B072482B0ACFBB0022B676 /* PBXTargetDependency */,
			);
			name = animereviewsUITests;
			productName = animereviewsUITests;
			productReference = 43B072462B0ACFBB0022B676 /* animereviewsUITests.xctest */;
			productType = "com.apple.product-type.bundle.ui-testing";
		};
/* End PBXNativeTarget section */

/* Begin PBXProject section */
		43B072202B0ACFBA0022B676 /* Project object */ = {
			isa = PBXProject;
			attributes = {
				BuildIndependentTargetsInParallel = 1;
				LastSwiftUpdateCheck = 1500;
				LastUpgradeCheck = 1500;
				TargetAttributes = {
					43B072272B0ACFBA0022B676 = {
						CreatedOnToolsVersion = 15.0.1;
					};
					43B0723B2B0ACFBB0022B676 = {
						CreatedOnToolsVersion = 15.0.1;
						TestTargetID = 43B072272B0ACFBA0022B676;
					};
					43B072452B0ACFBB0022B676 = {
						CreatedOnToolsVersion = 15.0.1;
						TestTargetID = 43B072272B0ACFBA0022B676;
					};
				};
			};
			buildConfigurationList = 43B072232B0ACFBA0022B676 /* Build configuration list for PBXProject "animereviews" */;
			compatibilityVersion = "Xcode 14.0";
			developmentRegion = en;
			hasScannedForEncodings = 0;
			knownRegions = (
				en,
				Base,
			);
			mainGroup = 43B0721F2B0ACFBA0022B676;
			productRefGroup = 43B072292B0ACFBA0022B676 /* Products */;
			projectDirPath = "";
			projectRoot = "";
			targets = (
				43B072272B0ACFBA0022B676 /* animereviews */,
				43B0723B2B0ACFBB0022B676 /* animereviewsTests */,
				43B072452B0ACFBB0022B676 /* animereviewsUITests */,
			);
		};
/* End PBXProject section */

/* Begin PBXResourcesBuildPhase section */
		43B072262B0ACFBA0022B676 /* Resources */ = {
			isa = PBXResourcesBuildPhase;
			buildActionMask = 2147483647;
			files = (
				43B072352B0ACFBB0022B676 /* Preview Assets.xcassets in Resources */,
				43B072322B0ACFBB0022B676 /* Assets.xcassets in Resources */,
			);
			runOnlyForDeploymentPostprocessing = 0;
		};
		43B0723A2B0ACFBB0022B676 /* Resources */ = {
			isa = PBXResourcesBuildPhase;
			buildActionMask = 2147483647;
			files = (
			);
			runOnlyForDeploymentPostprocessing = 0;
		};
		43B072442B0ACFBB0022B676 /* Resources */ = {
			isa = PBXResourcesBuildPhase;
			buildActionMask = 2147483647;
			files = (
			);
			runOnlyForDeploymentPostprocessing = 0;
		};
/* End PBXResourcesBuildPhase section */

/* Begin PBXSourcesBuildPhase section */
		43B072242B0ACFBA0022B676 /* Sources */ = {
			isa = PBXSourcesBuildPhase;
			buildActionMask = 2147483647;
			files = (
				43B0722E2B0ACFBA0022B676 /* ContentView.swift in Sources */,
				43B072302B0ACFBA0022B676 /* Item.swift in Sources */,
				43B0722C2B0ACFBA0022B676 /* animereviewsApp.swift in Sources */,
			);
			runOnlyForDeploymentPostprocessing = 0;
		};
		43B072382B0ACFBB0022B676 /* Sources */ = {
			isa = PBXSourcesBuildPhase;
			buildActionMask = 2147483647;
			files = (
				43B072412B0ACFBB0022B676 /* animereviewsTests.swift in Sources */,
			);
			runOnlyForDeploymentPostprocessing = 0;
		};
		43B072422B0ACFBB0022B676 /* Sources */ = {
			isa = PBXSourcesBuildPhase;
			buildActionMask = 2147483647;
			files = (
				43B0724B2B0ACFBB0022B676 /* animereviewsUITests.swift in Sources */,
				43B0724D2B0ACFBB0022B676 /* animereviewsUITestsLaunchTests.swift in Sources */,
			);
			runOnlyForDeploymentPostprocessing = 0;
		};
/* End PBXSourcesBuildPhase section */

/* Begin PBXTargetDependency section */
		43B0723E2B0ACFBB0022B676 /* PBXTargetDependency */ = {
			isa = PBXTargetDependency;
			target = 43B072272B0ACFBA0022B676 /* animereviews */;
			targetProxy = 43B0723D2B0ACFBB0022B676 /* PBXContainerItemProxy */;
		};
		43B072482B0ACFBB0022B676 /* PBXTargetDependency */ = {
			isa = PBXTargetDependency;
			target = 43B072272B0ACFBA0022B676 /* animereviews */;
			targetProxy = 43B072472B0ACFBB0022B676 /* PBXContainerItemProxy */;
		};
/* End PBXTargetDependency section */

/* Begin XCBuildConfiguration section */
		43B0724E2B0ACFBB0022B676 /* Debug */ = {
			isa = XCBuildConfiguration;
			buildSettings = {
				ALWAYS_SEARCH_USER_PATHS = NO;
				ASSETCATALOG_COMPILER_GENERATE_SWIFT_ASSET_SYMBOL_EXTENSIONS = YES;
				CLANG_ANALYZER_NONNULL = YES;
				CLANG_ANALYZER_NUMBER_OBJECT_CONVERSION = YES_AGGRESSIVE;
				CLANG_CXX_LANGUAGE_STANDARD = "gnu++20";
				CLANG_ENABLE_MODULES = YES;
				CLANG_ENABLE_OBJC_ARC = YES;
				CLANG_ENABLE_OBJC_WEAK = YES;
				CLANG_WARN_BLOCK_CAPTURE_AUTORELEASING = YES;
				CLANG_WARN_BOOL_CONVERSION = YES;
				CLANG_WARN_COMMA = YES;
				CLANG_WARN_CONSTANT_CONVERSION = YES;
				CLANG_WARN_DEPRECATED_OBJC_IMPLEMENTATIONS = YES;
				CLANG_WARN_DIRECT_OBJC_ISA_USAGE = YES_ERROR;
				CLANG_WARN_DOCUMENTATION_COMMENTS = YES;
				CLANG_WARN_EMPTY_BODY = YES;
				CLANG_WARN_ENUM_CONVERSION = YES;
				CLANG_WARN_INFINITE_RECURSION = YES;
				CLANG_WARN_INT_CONVERSION = YES;
				CLANG_WARN_NON_LITERAL_NULL_CONVERSION = YES;
				CLANG_WARN_OBJC_IMPLICIT_RETAIN_SELF = YES;
				CLANG_WARN_OBJC_LITERAL_CONVERSION = YES;
				CLANG_WARN_OBJC_ROOT_CLASS = YES_ERROR;
				CLANG_WARN_QUOTED_INCLUDE_IN_FRAMEWORK_HEADER = YES;
				CLANG_WARN_RANGE_LOOP_ANALYSIS = YES;
				CLANG_WARN_STRICT_PROTOTYPES = YES;
				CLANG_WARN_SUSPICIOUS_MOVE = YES;
				CLANG_WARN_UNGUARDED_AVAILABILITY = YES_AGGRESSIVE;
				CLANG_WARN_UNREACHABLE_CODE = YES;
				CLANG_WARN__DUPLICATE_METHOD_MATCH = YES;
				COPY_PHASE_STRIP = NO;
				DEBUG_INFORMATION_FORMAT = dwarf;
				ENABLE_STRICT_OBJC_MSGSEND = YES;
				ENABLE_TESTABILITY = YES;
				ENABLE_USER_SCRIPT_SANDBOXING = YES;
				GCC_C_LANGUAGE_STANDARD = gnu17;
				GCC_DYNAMIC_NO_PIC = NO;
				GCC_NO_COMMON_BLOCKS = YES;
				GCC_OPTIMIZATION_LEVEL = 0;
				GCC_PREPROCESSOR_DEFINITIONS = (
					"DEBUG=1",
					"$(inherited)",
				);
				GCC_WARN_64_TO_32_BIT_CONVERSION = YES;
				GCC_WARN_ABOUT_RETURN_TYPE = YES_ERROR;
				GCC_WARN_UNDECLARED_SELECTOR = YES;
				GCC_WARN_UNINITIALIZED_AUTOS = YES_AGGRESSIVE;
				GCC_WARN_UNUSED_FUNCTION = YES;
				GCC_WARN_UNUSED_VARIABLE = YES;
				IPHONEOS_DEPLOYMENT_TARGET = 17.0;
				LOCALIZATION_PREFERS_STRING_CATALOGS = YES;
				MTL_ENABLE_DEBUG_INFO = INCLUDE_SOURCE;
				MTL_FAST_MATH = YES;
				ONLY_ACTIVE_ARCH = YES;
				SDKROOT = iphoneos;
				SWIFT_ACTIVE_COMPILATION_CONDITIONS = "DEBUG $(inherited)";
				SWIFT_OPTIMIZATION_LEVEL = "-Onone";
			};
			name = Debug;
		};
		43B0724F2B0ACFBB0022B676 /* Release */ = {
			isa = XCBuildConfiguration;
			buildSettings = {
				ALWAYS_SEARCH_USER_PATHS = NO;
				ASSETCATALOG_COMPILER_GENERATE_SWIFT_ASSET_SYMBOL_EXTENSIONS = YES;
				CLANG_ANALYZER_NONNULL = YES;
				CLANG_ANALYZER_NUMBER_OBJECT_CONVERSION = YES_AGGRESSIVE;
				CLANG_CXX_LANGUAGE_STANDARD = "gnu++20";
				CLANG_ENABLE_MODULES = YES;
				CLANG_ENABLE_OBJC_ARC = YES;
				CLANG_ENABLE_OBJC_WEAK = YES;
				CLANG_WARN_BLOCK_CAPTURE_AUTORELEASING = YES;
				CLANG_WARN_BOOL_CONVERSION = YES;
				CLANG_WARN_COMMA = YES;
				CLANG_WARN_CONSTANT_CONVERSION = YES;
				CLANG_WARN_DEPRECATED_OBJC_IMPLEMENTATIONS = YES;
				CLANG_WARN_DIRECT_OBJC_ISA_USAGE = YES_ERROR;
				CLANG_WARN_DOCUMENTATION_COMMENTS = YES;
				CLANG_WARN_EMPTY_BODY = YES;
				CLANG_WARN_ENUM_CONVERSION = YES;
				CLANG_WARN_INFINITE_RECURSION = YES;
				CLANG_WARN_INT_CONVERSION = YES;
				CLANG_WARN_NON_LITERAL_NULL_CONVERSION = YES;
				CLANG_WARN_OBJC_IMPLICIT_RETAIN_SELF = YES;
				CLANG_WARN_OBJC_LITERAL_CONVERSION = YES;
				CLANG_WARN_OBJC_ROOT_CLASS = YES_ERROR;
				CLANG_WARN_QUOTED_INCLUDE_IN_FRAMEWORK_HEADER = YES;
				CLANG_WARN_RANGE_LOOP_ANALYSIS = YES;
				CLANG_WARN_STRICT_PROTOTYPES = YES;
				CLANG_WARN_SUSPICIOUS_MOVE = YES;
				CLANG_WARN_UNGUARDED_AVAILABILITY = YES_AGGRESSIVE;
				CLANG_WARN_UNREACHABLE_CODE = YES;
				CLANG_WARN__DUPLICATE_METHOD_MATCH = YES;
				COPY_PHASE_STRIP = NO;
				DEBUG_INFORMATION_FORMAT = "dwarf-with-dsym";
				ENABLE_NS_ASSERTIONS = NO;
				ENABLE_STRICT_OBJC_MSGSEND = YES;
				ENABLE_USER_SCRIPT_SANDBOXING = YES;
				GCC_C_LANGUAGE_STANDARD = gnu17;
				GCC_NO_COMMON_BLOCKS = YES;
				GCC_WARN_64_TO_32_BIT_CONVERSION = YES;
				GCC_WARN_ABOUT_RETURN_TYPE = YES_ERROR;
				GCC_WARN_UNDECLARED_SELECTOR = YES;
				GCC_WARN_UNINITIALIZED_AUTOS = YES_AGGRESSIVE;
				GCC_WARN_UNUSED_FUNCTION = YES;
				GCC_WARN_UNUSED_VARIABLE = YES;
				IPHONEOS_DEPLOYMENT_TARGET = 17.0;
				LOCALIZATION_PREFERS_STRING_CATALOGS = YES;
				MTL_ENABLE_DEBUG_INFO = NO;
				MTL_FAST_MATH = YES;
				SDKROOT = iphoneos;
				SWIFT_COMPILATION_MODE = wholemodule;
				VALIDATE_PRODUCT = YES;
			};
			name = Release;
		};
		43B072512B0ACFBB0022B676 /* Debug */ = {
			isa = XCBuildConfiguration;
			buildSettings = {
				ASSETCATALOG_COMPILER_APPICON_NAME = AppIcon;
				ASSETCATALOG_COMPILER_GLOBAL_ACCENT_COLOR_NAME = AccentColor;
				CODE_SIGN_ENTITLEMENTS = animereviews/animereviews.entitlements;
				CODE_SIGN_STYLE = Automatic;
				CURRENT_PROJECT_VERSION = 1;
				DEVELOPMENT_ASSET_PATHS = "\"animereviews/Preview Content\"";
				DEVELOPMENT_TEAM = QZ97Q5P5VM;
				ENABLE_PREVIEWS = YES;
				GENERATE_INFOPLIST_FILE = YES;
				INFOPLIST_FILE = animereviews/Info.plist;
				INFOPLIST_KEY_UIApplicationSceneManifest_Generation = YES;
				INFOPLIST_KEY_UIApplicationSupportsIndirectInputEvents = YES;
				INFOPLIST_KEY_UILaunchScreen_Generation = YES;
				INFOPLIST_KEY_UISupportedInterfaceOrientations_iPad = "UIInterfaceOrientationPortrait UIInterfaceOrientationPortraitUpsideDown UIInterfaceOrientationLandscapeLeft UIInterfaceOrientationLandscapeRight";
				INFOPLIST_KEY_UISupportedInterfaceOrientations_iPhone = "UIInterfaceOrientationPortrait UIInterfaceOrientationLandscapeLeft UIInterfaceOrientationLandscapeRight";
				LD_RUNPATH_SEARCH_PATHS = (
					"$(inherited)",
					"@executable_path/Frameworks",
				);
				MARKETING_VERSION = 1.0;
				PRODUCT_BUNDLE_IDENTIFIER = com.foxtalesrpg.animereviews.animereviews;
				PRODUCT_NAME = "$(TARGET_NAME)";
				SWIFT_EMIT_LOC_STRINGS = YES;
				SWIFT_VERSION = 5.0;
				TARGETED_DEVICE_FAMILY = "1,2";
			};
			name = Debug;
		};
		43B072522B0ACFBB0022B676 /* Release */ = {
			isa = XCBuildConfiguration;
			buildSettings = {
				ASSETCATALOG_COMPILER_APPICON_NAME = AppIcon;
				ASSETCATALOG_COMPILER_GLOBAL_ACCENT_COLOR_NAME = AccentColor;
				CODE_SIGN_ENTITLEMENTS = animereviews/animereviews.entitlements;
				CODE_SIGN_STYLE = Automatic;
				CURRENT_PROJECT_VERSION = 1;
				DEVELOPMENT_ASSET_PATHS = "\"animereviews/Preview Content\"";
				DEVELOPMENT_TEAM = QZ97Q5P5VM;
				ENABLE_PREVIEWS = YES;
				GENERATE_INFOPLIST_FILE = YES;
				INFOPLIST_FILE = animereviews/Info.plist;
				INFOPLIST_KEY_UIApplicationSceneManifest_Generation = YES;
				INFOPLIST_KEY_UIApplicationSupportsIndirectInputEvents = YES;
				INFOPLIST_KEY_UILaunchScreen_Generation = YES;
				INFOPLIST_KEY_UISupportedInterfaceOrientations_iPad = "UIInterfaceOrientationPortrait UIInterfaceOrientationPortraitUpsideDown UIInterfaceOrientationLandscapeLeft UIInterfaceOrientationLandscapeRight";
				INFOPLIST_KEY_UISupportedInterfaceOrientations_iPhone = "UIInterfaceOrientationPortrait UIInterfaceOrientationLandscapeLeft UIInterfaceOrientationLandscapeRight";
				LD_RUNPATH_SEARCH_PATHS = (
					"$(inherited)",
					"@executable_path/Frameworks",
				);
				MARKETING_VERSION = 1.0;
				PRODUCT_BUNDLE_IDENTIFIER = com.foxtalesrpg.animereviews.animereviews;
				PRODUCT_NAME = "$(TARGET_NAME)";
				SWIFT_EMIT_LOC_STRINGS = YES;
				SWIFT_VERSION = 5.0;
				TARGETED_DEVICE_FAMILY = "1,2";
			};
			name = Release;
		};
		43B072542B0ACFBB0022B676 /* Debug */ = {
			isa = XCBuildConfiguration;
			buildSettings = {
				ALWAYS_EMBED_SWIFT_STANDARD_LIBRARIES = YES;
				BUNDLE_LOADER = "$(TEST_HOST)";
				CODE_SIGN_STYLE = Automatic;
				CURRENT_PROJECT_VERSION = 1;
				DEVELOPMENT_TEAM = QZ97Q5P5VM;
				GENERATE_INFOPLIST_FILE = YES;
				IPHONEOS_DEPLOYMENT_TARGET = 17.0;
				MARKETING_VERSION = 1.0;
				PRODUCT_BUNDLE_IDENTIFIER = com.foxtalesrpg.animereviews.animereviewsTests;
				PRODUCT_NAME = "$(TARGET_NAME)";
				SWIFT_EMIT_LOC_STRINGS = NO;
				SWIFT_VERSION = 5.0;
				TARGETED_DEVICE_FAMILY = "1,2";
				TEST_HOST = "$(BUILT_PRODUCTS_DIR)/animereviews.app/$(BUNDLE_EXECUTABLE_FOLDER_PATH)/animereviews";
			};
			name = Debug;
		};
		43B072552B0ACFBB0022B676 /* Release */ = {
			isa = XCBuildConfiguration;
			buildSettings = {
				ALWAYS_EMBED_SWIFT_STANDARD_LIBRARIES = YES;
				BUNDLE_LOADER = "$(TEST_HOST)";
				CODE_SIGN_STYLE = Automatic;
				CURRENT_PROJECT_VERSION = 1;
				DEVELOPMENT_TEAM = QZ97Q5P5VM;
				GENERATE_INFOPLIST_FILE = YES;
				IPHONEOS_DEPLOYMENT_TARGET = 17.0;
				MARKETING_VERSION = 1.0;
				PRODUCT_BUNDLE_IDENTIFIER = com.foxtalesrpg.animereviews.animereviewsTests;
				PRODUCT_NAME = "$(TARGET_NAME)";
				SWIFT_EMIT_LOC_STRINGS = NO;
				SWIFT_VERSION = 5.0;
				TARGETED_DEVICE_FAMILY = "1,2";
				TEST_HOST = "$(BUILT_PRODUCTS_DIR)/animereviews.app/$(BUNDLE_EXECUTABLE_FOLDER_PATH)/animereviews";
			};
			name = Release;
		};
		43B072572B0ACFBB0022B676 /* Debug */ = {
			isa = XCBuildConfiguration;
			buildSettings = {
				ALWAYS_EMBED_SWIFT_STANDARD_LIBRARIES = YES;
				CODE_SIGN_STYLE = Automatic;
				CURRENT_PROJECT_VERSION = 1;
				DEVELOPMENT_TEAM = QZ97Q5P5VM;
				GENERATE_INFOPLIST_FILE = YES;
				MARKETING_VERSION = 1.0;
				PRODUCT_BUNDLE_IDENTIFIER = com.foxtalesrpg.animereviews.animereviewsUITests;
				PRODUCT_NAME = "$(TARGET_NAME)";
				SWIFT_EMIT_LOC_STRINGS = NO;
				SWIFT_VERSION = 5.0;
				TARGETED_DEVICE_FAMILY = "1,2";
				TEST_TARGET_NAME = animereviews;
			};
			name = Debug;
		};
		43B072582B0ACFBB0022B676 /* Release */ = {
			isa = XCBuildConfiguration;
			buildSettings = {
				ALWAYS_EMBED_SWIFT_STANDARD_LIBRARIES = YES;
				CODE_SIGN_STYLE = Automatic;
				CURRENT_PROJECT_VERSION = 1;
				DEVELOPMENT_TEAM = QZ97Q5P5VM;
				GENERATE_INFOPLIST_FILE = YES;
				MARKETING_VERSION = 1.0;
				PRODUCT_BUNDLE_IDENTIFIER = com.foxtalesrpg.animereviews.animereviewsUITests;
				PRODUCT_NAME = "$(TARGET_NAME)";
				SWIFT_EMIT_LOC_STRINGS = NO;
				SWIFT_VERSION = 5.0;
				TARGETED_DEVICE_FAMILY = "1,2";
				TEST_TARGET_NAME = animereviews;
			};
			name = Release;
		};
/* End XCBuildConfiguration section */

/* Begin XCConfigurationList section */
		43B072232B0ACFBA0022B676 /* Build configuration list for PBXProject "animereviews" */ = {
			isa = XCConfigurationList;
			buildConfigurations = (
				43B0724E2B0ACFBB0022B676 /* Debug */,
				43B0724F2B0ACFBB0022B676 /* Release */,
			);
			defaultConfigurationIsVisible = 0;
			defaultConfigurationName = Release;
		};
		43B072502B0ACFBB0022B676 /* Build configuration list for PBXNativeTarget "animereviews" */ = {
			isa = XCConfigurationList;
			buildConfigurations = (
				43B072512B0ACFBB0022B676 /* Debug */,
				43B072522B0ACFBB0022B676 /* Release */,
			);
			defaultConfigurationIsVisible = 0;
			defaultConfigurationName = Release;
		};
		43B072532B0ACFBB0022B676 /* Build configuration list for PBXNativeTarget "animereviewsTests" */ = {
			isa = XCConfigurationList;
			buildConfigurations = (
				43B072542B0ACFBB0022B676 /* Debug */,
				43B072552B0ACFBB0022B676 /* Release */,
			);
			defaultConfigurationIsVisible = 0;
			defaultConfigurationName = Release;
		};
		43B072562B0ACFBB0022B676 /* Build configuration list for PBXNativeTarget "animereviewsUITests" */ = {
			isa = XCConfigurationList;
			buildConfigurations = (
				43B072572B0ACFBB0022B676 /* Debug */,
				43B072582B0ACFBB0022B676 /* Release */,
			);
			defaultConfigurationIsVisible = 0;
			defaultConfigurationName = Release;
		};
/* End XCConfigurationList section */
	};
	rootObject = 43B072202B0ACFBA0022B676 /* Project object */;
}
